
Microsoft Visual Studio Solution File, Format Version 12.00
# Visual Studio Version 17
VisualStudioVersion = 17.1.32210.238
MinimumVisualStudioVersion = 10.0.40219.1
Project("{FAE04EC0-301F-11D3-BF4B-00C04F79EFBC}") = "IverveTest", "IverveTest\IverveTest.csproj", "{3218F5EA-1146-4235-AD3F-2C3039AA6C18}"
EndProject
Global
	GlobalSection(SolutionConfigurationPlatforms) = preSolution
		Debug|Any CPU = Debug|Any CPU
		Release|Any CPU = Release|Any CPU
	EndGlobalSection
	GlobalSection(ProjectConfigurationPlatforms) = postSolution
		{3218F5EA-1146-4235-AD3F-2C3039AA6C18}.Debug|Any CPU.ActiveCfg = Debug|Any CPU
		{3218F5EA-1146-4235-AD3F-2C3039AA6C18}.Debug|Any CPU.Build.0 = Debug|Any CPU
		{3218F5EA-1146-4235-AD3F-2C3039AA6C18}.Release|Any CPU.ActiveCfg = Release|Any CPU
		{3218F5EA-1146-4235-AD3F-2C3039AA6C18}.Release|Any CPU.Build.0 = Release|Any CPU
	EndGlobalSection
	GlobalSection(SolutionProperties) = preSolution
		HideSolutionNode = FALSE
	EndGlobalSection
	GlobalSection(ExtensibilityGlobals) = postSolution
		SolutionGuid = {418DA47E-89E1-4F6F-A6AA-6A2A59E27A12}
	EndGlobalSection
EndGlobal
